
Microsoft Visual Studio Solution File, Format Version 12.00
# Visual Studio Version 16
VisualStudioVersion = 16.6.30114.105
MinimumVisualStudioVersion = 10.0.40219.1
Project("{FAE04EC0-301F-11D3-BF4B-00C04F79EFBC}") = "generator", "generator\generator.csproj", "{7E0D7281-5CE1-4DE6-901D-272F7A1BA4E6}"
EndProject
Project("{FAE04EC0-301F-11D3-BF4B-00C04F79EFBC}") = "app", "app\app.csproj", "{3C53CC35-407C-44EC-ACB0-31E44155142D}"
EndProject
Global
	GlobalSection(SolutionConfigurationPlatforms) = preSolution
		Debug|Any CPU = Debug|Any CPU
		Debug|x64 = Debug|x64
		Debug|x86 = Debug|x86
		Release|Any CPU = Release|Any CPU
		Release|x64 = Release|x64
		Release|x86 = Release|x86
	EndGlobalSection
	GlobalSection(SolutionProperties) = preSolution
		HideSolutionNode = FALSE
	EndGlobalSection
	GlobalSection(ProjectConfigurationPlatforms) = postSolution
		{7E0D7281-5CE1-4DE6-901D-272F7A1BA4E6}.Debug|Any CPU.ActiveCfg = Debug|Any CPU
		{7E0D7281-5CE1-4DE6-901D-272F7A1BA4E6}.Debug|Any CPU.Build.0 = Debug|Any CPU
		{7E0D7281-5CE1-4DE6-901D-272F7A1BA4E6}.Debug|x64.ActiveCfg = Debug|Any CPU
		{7E0D7281-5CE1-4DE6-901D-272F7A1BA4E6}.Debug|x64.Build.0 = Debug|Any CPU
		{7E0D7281-5CE1-4DE6-901D-272F7A1BA4E6}.Debug|x86.ActiveCfg = Debug|Any CPU
		{7E0D7281-5CE1-4DE6-901D-272F7A1BA4E6}.Debug|x86.Build.0 = Debug|Any CPU
		{7E0D7281-5CE1-4DE6-901D-272F7A1BA4E6}.Release|Any CPU.ActiveCfg = Release|Any CPU
		{7E0D7281-5CE1-4DE6-901D-272F7A1BA4E6}.Release|Any CPU.Build.0 = Release|Any CPU
		{7E0D7281-5CE1-4DE6-901D-272F7A1BA4E6}.Release|x64.ActiveCfg = Release|Any CPU
		{7E0D7281-5CE1-4DE6-901D-272F7A1BA4E6}.Release|x64.Build.0 = Release|Any CPU
		{7E0D7281-5CE1-4DE6-901D-272F7A1BA4E6}.Release|x86.ActiveCfg = Release|Any CPU
		{7E0D7281-5CE1-4DE6-901D-272F7A1BA4E6}.Release|x86.Build.0 = Release|Any CPU
		{3C53CC35-407C-44EC-ACB0-31E44155142D}.Debug|Any CPU.ActiveCfg = Debug|Any CPU
		{3C53CC35-407C-44EC-ACB0-31E44155142D}.Debug|Any CPU.Build.0 = Debug|Any CPU
		{3C53CC35-407C-44EC-ACB0-31E44155142D}.Debug|x64.ActiveCfg = Debug|Any CPU
		{3C53CC35-407C-44EC-ACB0-31E44155142D}.Debug|x64.Build.0 = Debug|Any CPU
		{3C53CC35-407C-44EC-ACB0-31E44155142D}.Debug|x86.ActiveCfg = Debug|Any CPU
		{3C53CC35-407C-44EC-ACB0-31E44155142D}.Debug|x86.Build.0 = Debug|Any CPU
		{3C53CC35-407C-44EC-ACB0-31E44155142D}.Release|Any CPU.ActiveCfg = Release|Any CPU
		{3C53CC35-407C-44EC-ACB0-31E44155142D}.Release|Any CPU.Build.0 = Release|Any CPU
		{3C53CC35-407C-44EC-ACB0-31E44155142D}.Release|x64.ActiveCfg = Release|Any CPU
		{3C53CC35-407C-44EC-ACB0-31E44155142D}.Release|x64.Build.0 = Release|Any CPU
		{3C53CC35-407C-44EC-ACB0-31E44155142D}.Release|x86.ActiveCfg = Release|Any CPU
		{3C53CC35-407C-44EC-ACB0-31E44155142D}.Release|x86.Build.0 = Release|Any CPU
	EndGlobalSection
EndGlobal
